
Microsoft Visual Studio Solution File, Format Version 12.00
# Visual Studio Version 17
VisualStudioVersion = 17.14.36202.13
MinimumVisualStudioVersion = 10.0.40219.1
Project("{FAE04EC0-301F-11D3-BF4B-00C04F79EFBC}") = "interview-azure-function-app", "interview-azure-function-app.csproj", "{3AE79080-472C-47E4-AC7E-AD25BF09EE5E}"
EndProject
Project("{FAE04EC0-301F-11D3-BF4B-00C04F79EFBC}") = "number-Minimal-API", "..\number-Minimal-API\number-Minimal-API.csproj", "{F1F5271C-A8B8-4402-A4A8-0841AAB50B13}"
EndProject
Project("{FAE04EC0-301F-11D3-BF4B-00C04F79EFBC}") = "docker-number-Minimal-API", "..\docker-number-Minimal-API\docker-number-Minimal-API.csproj", "{03EEB0EE-1F37-4E68-B187-1CD9E47969B3}"
EndProject
Global
	GlobalSection(SolutionConfigurationPlatforms) = preSolution
		Debug|Any CPU = Debug|Any CPU
		Release|Any CPU = Release|Any CPU
	EndGlobalSection
	GlobalSection(ProjectConfigurationPlatforms) = postSolution
		{3AE79080-472C-47E4-AC7E-AD25BF09EE5E}.Debug|Any CPU.ActiveCfg = Debug|Any CPU
		{3AE79080-472C-47E4-AC7E-AD25BF09EE5E}.Debug|Any CPU.Build.0 = Debug|Any CPU
		{3AE79080-472C-47E4-AC7E-AD25BF09EE5E}.Release|Any CPU.ActiveCfg = Release|Any CPU
		{3AE79080-472C-47E4-AC7E-AD25BF09EE5E}.Release|Any CPU.Build.0 = Release|Any CPU
		{F1F5271C-A8B8-4402-A4A8-0841AAB50B13}.Debug|Any CPU.ActiveCfg = Debug|Any CPU
		{F1F5271C-A8B8-4402-A4A8-0841AAB50B13}.Debug|Any CPU.Build.0 = Debug|Any CPU
		{F1F5271C-A8B8-4402-A4A8-0841AAB50B13}.Release|Any CPU.ActiveCfg = Release|Any CPU
		{F1F5271C-A8B8-4402-A4A8-0841AAB50B13}.Release|Any CPU.Build.0 = Release|Any CPU
		{03EEB0EE-1F37-4E68-B187-1CD9E47969B3}.Debug|Any CPU.ActiveCfg = Debug|Any CPU
		{03EEB0EE-1F37-4E68-B187-1CD9E47969B3}.Debug|Any CPU.Build.0 = Debug|Any CPU
		{03EEB0EE-1F37-4E68-B187-1CD9E47969B3}.Release|Any CPU.ActiveCfg = Release|Any CPU
		{03EEB0EE-1F37-4E68-B187-1CD9E47969B3}.Release|Any CPU.Build.0 = Release|Any CPU
	EndGlobalSection
	GlobalSection(SolutionProperties) = preSolution
		HideSolutionNode = FALSE
	EndGlobalSection
	GlobalSection(ExtensibilityGlobals) = postSolution
		SolutionGuid = {1D25AC76-E22F-42BD-9A44-A76C83C996A7}
	EndGlobalSection
EndGlobal
